
Microsoft Visual Studio Solution File, Format Version 12.00
# Visual Studio 15
VisualStudioVersion = 15.0.28010.2026
MinimumVisualStudioVersion = 10.0.40219.1
Project("{FAE04EC0-301F-11D3-BF4B-00C04F79EFBC}") = "WeChatPrinter", "WeChatPrinter\WeChatPrinter.csproj", "{630CDFAE-84C8-4CE9-B565-42CDDA1BE0A5}"
EndProject
Global
	GlobalSection(SolutionConfigurationPlatforms) = preSolution
		Debug|Any CPU = Debug|Any CPU
		Release|Any CPU = Release|Any CPU
	EndGlobalSection
	GlobalSection(ProjectConfigurationPlatforms) = postSolution
		{630CDFAE-84C8-4CE9-B565-42CDDA1BE0A5}.Debug|Any CPU.ActiveCfg = Debug|Any CPU
		{630CDFAE-84C8-4CE9-B565-42CDDA1BE0A5}.Debug|Any CPU.Build.0 = Debug|Any CPU
		{630CDFAE-84C8-4CE9-B565-42CDDA1BE0A5}.Release|Any CPU.ActiveCfg = Release|Any CPU
		{630CDFAE-84C8-4CE9-B565-42CDDA1BE0A5}.Release|Any CPU.Build.0 = Release|Any CPU
	EndGlobalSection
	GlobalSection(SolutionProperties) = preSolution
		HideSolutionNode = FALSE
	EndGlobalSection
	GlobalSection(ExtensibilityGlobals) = postSolution
		SolutionGuid = {61E50B7E-E562-4C40-99CF-2B9CD5C3C4F2}
	EndGlobalSection
EndGlobal
